apiVersion: vendir.k14s.io/v1alpha1
directories:
- contents:
  - git:
      commitTitle: 'chore(release): 4.2.0...'
      sha: 5e58e73fda5da5fa4871e4aad3281b9af1777927
      tags:
      - v4.2.0
    path: .
  path: config/_ytt_lib/metacontroller/upstream
- contents:
  - githubRelease:
      tag: v1.9.2
      url: https://api.github.com/repos/kyverno/kyverno/releases/96431508
    path: .
  path: config/_ytt_lib/kyverno/upstream
- contents:
  - git:
      commitTitle: Updated cert-manager to 1.13.2
      sha: 73d773032a9fe7e7fa1da77b504098ff64e70a2f
      tags:
      - 1.12.0-4-g73d7730
    path: .
  path: config/_ytt_lib/cert-manager
- contents:
  - git:
      commitTitle: Added replicas to envoy and fix kind hostports
      sha: b398b77a44b81508d52b2554666adb40a7870338
      tags:
      - 1.25.0-5-gb398b77
    path: .
  path: config/_ytt_lib/contour
- contents:
  - git:
      commitTitle: Updated external-dns to 0.14.0
      sha: 17e32e0d4ab9a5eaad46e01f9cec41f9577240e9
    path: .
  path: config/_ytt_lib/external-dns
- contents:
  - git:
      commitTitle: Updates to package and schema
      sha: 90105c09a2cbd144fa231189ac91779566aa3ad6
      tags:
      - 1.1.0-3-g90105c0
    path: .
  path: config/_ytt_lib/certs
- contents:
  - git:
      commitTitle: 'Merge pull request #216 from GrahamDumpleton/terminal-focus...'
      sha: 718610ab37a0ce601e6237b9494171c37d5e34e3
      tags:
      - 2.6.16-24-g718610ab
    path: .
  path: config/_ytt_lib/educates
kind: LockConfig
